
Microsoft Visual Studio Solution File, Format Version 12.00
# Visual Studio Version 17
VisualStudioVersion = 17.9.34728.123
MinimumVisualStudioVersion = 10.0.40219.1
Project("{8BC9CEB8-8B4A-11D0-8D11-00A0C91BC942}") = "UnitTest", "UnitTest\UnitTest.vcxproj", "{EBCCCF0B-3F01-494D-8F06-2F1A01734453}"
EndProject
Project("{8BC9CEB8-8B4A-11D0-8D11-00A0C91BC942}") = "2048", "2048_SFML\2048_SFML.vcxproj", "{D5D2AB20-8CC4-475B-9FE8-02E639719D41}"
EndProject
Global
	GlobalSection(SolutionConfigurationPlatforms) = preSolution
		Debug|x64 = Debug|x64
		Debug|x86 = Debug|x86
		Release|x64 = Release|x64
		Release|x86 = Release|x86
	EndGlobalSection
	GlobalSection(ProjectConfigurationPlatforms) = postSolution
		{EBCCCF0B-3F01-494D-8F06-2F1A01734453}.Debug|x64.ActiveCfg = Debug|x64
		{EBCCCF0B-3F01-494D-8F06-2F1A01734453}.Debug|x64.Build.0 = Debug|x64
		{EBCCCF0B-3F01-494D-8F06-2F1A01734453}.Debug|x86.ActiveCfg = Debug|Win32
		{EBCCCF0B-3F01-494D-8F06-2F1A01734453}.Debug|x86.Build.0 = Debug|Win32
		{EBCCCF0B-3F01-494D-8F06-2F1A01734453}.Release|x64.ActiveCfg = Release|x64
		{EBCCCF0B-3F01-494D-8F06-2F1A01734453}.Release|x64.Build.0 = Release|x64
		{EBCCCF0B-3F01-494D-8F06-2F1A01734453}.Release|x86.ActiveCfg = Release|Win32
		{EBCCCF0B-3F01-494D-8F06-2F1A01734453}.Release|x86.Build.0 = Release|Win32
		{D5D2AB20-8CC4-475B-9FE8-02E639719D41}.Debug|x64.ActiveCfg = Debug|x64
		{D5D2AB20-8CC4-475B-9FE8-02E639719D41}.Debug|x64.Build.0 = Debug|x64
		{D5D2AB20-8CC4-475B-9FE8-02E639719D41}.Debug|x86.ActiveCfg = Debug|Win32
		{D5D2AB20-8CC4-475B-9FE8-02E639719D41}.Debug|x86.Build.0 = Debug|Win32
		{D5D2AB20-8CC4-475B-9FE8-02E639719D41}.Release|x64.ActiveCfg = Release|x64
		{D5D2AB20-8CC4-475B-9FE8-02E639719D41}.Release|x64.Build.0 = Release|x64
		{D5D2AB20-8CC4-475B-9FE8-02E639719D41}.Release|x86.ActiveCfg = Release|Win32
		{D5D2AB20-8CC4-475B-9FE8-02E639719D41}.Release|x86.Build.0 = Release|Win32
	EndGlobalSection
	GlobalSection(SolutionProperties) = preSolution
		HideSolutionNode = FALSE
	EndGlobalSection
	GlobalSection(ExtensibilityGlobals) = postSolution
		SolutionGuid = {C93B33A9-3525-493C-BC39-1986E53DD0BE}
	EndGlobalSection
EndGlobal
