<?xml version="1.0" encoding="utf-8"?>
<Project ToolsVersion="4.0" xmlns="http://schemas.microsoft.com/developer/msbuild/2003">
  <ItemGroup>
    <Filter Include="Source Files">
      <UniqueIdentifier>{4FC737F1-C7A5-4376-A066-2A32D752A2FF}</UniqueIdentifier>
      <Extensions>cpp;c;cc;cxx;c++;cppm;ixx;def;odl;idl;hpj;bat;asm;asmx</Extensions>
    </Filter>
    <Filter Include="Header Files">
      <UniqueIdentifier>{93995380-89BD-4b04-88EB-625FBE52EBFB}</UniqueIdentifier>
      <Extensions>h;hh;hpp;hxx;h++;hm;inl;inc;ipp;xsd</Extensions>
    </Filter>
    <Filter Include="Resource Files">
      <UniqueIdentifier>{67DA6AB6-F800-4c08-8B7A-83BB121AAD01}</UniqueIdentifier>
      <Extensions>rc;ico;cur;bmp;dlg;rc2;rct;bin;rgs;gif;jpg;jpeg;jpe;resx;tiff;tif;png;wav;mfcribbon-ms</Extensions>
    </Filter>
    <Filter Include="Resource Files\Data">
      <UniqueIdentifier>{ba983292-f601-4d0d-afaa-b90d5521bda6}</UniqueIdentifier>
    </Filter>
    <Filter Include="Resource Files\Fonts">
      <UniqueIdentifier>{6d7edb0d-7b2f-42d8-95b5-6d1752dfe975}</UniqueIdentifier>
    </Filter>
    <Filter Include="Resource Files\Texture">
      <UniqueIdentifier>{8daec78b-2507-4aa9-a7a5-0d022a66fa39}</UniqueIdentifier>
    </Filter>
  </ItemGroup>
  <ItemGroup>
    <ClCompile Include="main.cpp">
      <Filter>Source Files</Filter>
    </ClCompile>
    <ClCompile Include="Loader.cpp">
      <Filter>Source Files</Filter>
    </ClCompile>
    <ClCompile Include="Board.cpp">
      <Filter>Source Files</Filter>
    </ClCompile>
    <ClCompile Include="UI.cpp">
      <Filter>Source Files</Filter>
    </ClCompile>
    <ClCompile Include="Cell.cpp">
      <Filter>Source Files</Filter>
    </ClCompile>
    <ClCompile Include="TextField.cpp">
      <Filter>Source Files</Filter>
    </ClCompile>
    <ClCompile Include="layout.hpp">
      <Filter>Header Files</Filter>
    </ClCompile>
    <ClCompile Include="PlayerList.hpp">
      <Filter>Header Files</Filter>
    </ClCompile>
    <ClCompile Include="PlayerList.cpp">
      <Filter>Source Files</Filter>
    </ClCompile>
    <ClCompile Include="BoardStack.cpp">
      <Filter>Source Files</Filter>
    </ClCompile>
    <ClCompile Include="ScoreStack.cpp">
      <Filter>Source Files</Filter>
    </ClCompile>
  </ItemGroup>
  <ItemGroup>
    <ClInclude Include="utils.hpp">
      <Filter>Header Files</Filter>
    </ClInclude>
    <ClInclude Include="Loader.hpp">
      <Filter>Header Files</Filter>
    </ClInclude>
    <ClInclude Include="Board.hpp">
      <Filter>Header Files</Filter>
    </ClInclude>
    <ClInclude Include="UI.hpp">
      <Filter>Header Files</Filter>
    </ClInclude>
    <ClInclude Include="Cell.hpp">
      <Filter>Header Files</Filter>
    </ClInclude>
    <ClInclude Include="TextField.hpp">
      <Filter>Header Files</Filter>
    </ClInclude>
    <ClInclude Include="Player.hpp">
      <Filter>Header Files</Filter>
    </ClInclude>
    <ClInclude Include="BoardStack.hpp">
      <Filter>Header Files</Filter>
    </ClInclude>
    <ClInclude Include="ScoreStack.hpp">
      <Filter>Header Files</Filter>
    </ClInclude>
  </ItemGroup>
  <ItemGroup>
    <None Include="Data\best_score.dat">
      <Filter>Resource Files\Data</Filter>
    </None>
    <None Include="Data\player_name.dat">
      <Filter>Resource Files\Data</Filter>
    </None>
    <None Include="Data\player_score.dat">
      <Filter>Resource Files\Data</Filter>
    </None>
    <None Include="Data\player_time.dat">
      <Filter>Resource Files\Data</Filter>
    </None>
  </ItemGroup>
  <ItemGroup>
    <Font Include="Fonts\arial.ttf">
      <Filter>Resource Files\Fonts</Filter>
    </Font>
    <Font Include="Fonts\font.ttf">
      <Filter>Resource Files\Fonts</Filter>
    </Font>
  </ItemGroup>
  <ItemGroup>
    <Image Include="Texture\appIcon.png">
      <Filter>Resource Files\Texture</Filter>
    </Image>
    <Image Include="Texture\background.png">
      <Filter>Resource Files\Texture</Filter>
    </Image>
    <Image Include="Texture\border.png">
      <Filter>Resource Files\Texture</Filter>
    </Image>
    <Image Include="Texture\Setting.png">
      <Filter>Resource Files\Texture</Filter>
    </Image>
    <Image Include="Texture\StartMenu.png">
      <Filter>Resource Files\Texture</Filter>
    </Image>
    <Image Include="Texture\tile.png">
      <Filter>Resource Files\Texture</Filter>
    </Image>
    <Image Include="Texture\Top20List.png">
      <Filter>Resource Files\Texture</Filter>
    </Image>
  </ItemGroup>
</Project>